
Microsoft Visual Studio Solution File, Format Version 12.00
# Visual Studio Version 18
VisualStudioVersion = 18.4.11620.152
MinimumVisualStudioVersion = 10.0.40219.1
Project("{778DAE3C-4631-46EA-AA77-85C1314464D9}") = "ModelsTECOMNET", "ModelsTECOMNET\ModelsTECOMNET.vbproj", "{775E015A-149C-4073-B821-7DEC008B0B05}"
EndProject
Project("{778DAE3C-4631-46EA-AA77-85C1314464D9}") = "DatabaseConnectionTECOMNET", "DatabaseConnectionTECOMNET\DatabaseConnectionTECOMNET.vbproj", "{E5057300-68F9-42D8-A99F-C1F23EADC10C}"
EndProject
Project("{F184B08F-C81C-45F6-A57F-5ABD9991F28F}") = "WebAdminTECOMNET", "WebAdminTECOMNET\WebAdminTECOMNET.vbproj", "{D6609F2F-8087-4907-B1EB-40F6F6C7FDA7}"
EndProject
Project("{F184B08F-C81C-45F6-A57F-5ABD9991F28F}") = "WebhookTECOMNET", "WebhookTECOMNET\WebhookTECOMNET.vbproj", "{DFF1E8B5-316E-4D94-9E75-651FCE2CB950}"
EndProject
Project("{F184B08F-C81C-45F6-A57F-5ABD9991F28F}") = "WebCustomerTECOMNET", "WebCustomerTECOMNET\WebCustomerTECOMNET.vbproj", "{AD5E2809-9B10-4B44-9F6D-5D18DDBE2036}"
EndProject
Project("{F184B08F-C81C-45F6-A57F-5ABD9991F28F}") = "WebApiTECOMNET", "WebApiTECOMNET\WebApiTECOMNET.vbproj", "{3A695853-0A24-4D54-A6F8-2D0F6642F69E}"
EndProject
Project("{F184B08F-C81C-45F6-A57F-5ABD9991F28F}") = "TECOMNET_Service", "TECOMNET_Service\TECOMNET_Service.vbproj", "{A57B8BDF-42AC-4433-8A2B-45799C69DBDC}"
EndProject
Global
	GlobalSection(SolutionConfigurationPlatforms) = preSolution
		Debug|Any CPU = Debug|Any CPU
		Release|Any CPU = Release|Any CPU
	EndGlobalSection
	GlobalSection(ProjectConfigurationPlatforms) = postSolution
		{775E015A-149C-4073-B821-7DEC008B0B05}.Debug|Any CPU.ActiveCfg = Debug|Any CPU
		{775E015A-149C-4073-B821-7DEC008B0B05}.Debug|Any CPU.Build.0 = Debug|Any CPU
		{775E015A-149C-4073-B821-7DEC008B0B05}.Release|Any CPU.ActiveCfg = Release|Any CPU
		{775E015A-149C-4073-B821-7DEC008B0B05}.Release|Any CPU.Build.0 = Release|Any CPU
		{E5057300-68F9-42D8-A99F-C1F23EADC10C}.Debug|Any CPU.ActiveCfg = Debug|Any CPU
		{E5057300-68F9-42D8-A99F-C1F23EADC10C}.Debug|Any CPU.Build.0 = Debug|Any CPU
		{E5057300-68F9-42D8-A99F-C1F23EADC10C}.Release|Any CPU.ActiveCfg = Release|Any CPU
		{E5057300-68F9-42D8-A99F-C1F23EADC10C}.Release|Any CPU.Build.0 = Release|Any CPU
		{D6609F2F-8087-4907-B1EB-40F6F6C7FDA7}.Debug|Any CPU.ActiveCfg = Debug|Any CPU
		{D6609F2F-8087-4907-B1EB-40F6F6C7FDA7}.Debug|Any CPU.Build.0 = Debug|Any CPU
		{D6609F2F-8087-4907-B1EB-40F6F6C7FDA7}.Release|Any CPU.ActiveCfg = Release|Any CPU
		{D6609F2F-8087-4907-B1EB-40F6F6C7FDA7}.Release|Any CPU.Build.0 = Release|Any CPU
		{DFF1E8B5-316E-4D94-9E75-651FCE2CB950}.Debug|Any CPU.ActiveCfg = Debug|Any CPU
		{DFF1E8B5-316E-4D94-9E75-651FCE2CB950}.Debug|Any CPU.Build.0 = Debug|Any CPU
		{DFF1E8B5-316E-4D94-9E75-651FCE2CB950}.Release|Any CPU.ActiveCfg = Release|Any CPU
		{DFF1E8B5-316E-4D94-9E75-651FCE2CB950}.Release|Any CPU.Build.0 = Release|Any CPU
		{AD5E2809-9B10-4B44-9F6D-5D18DDBE2036}.Debug|Any CPU.ActiveCfg = Debug|Any CPU
		{AD5E2809-9B10-4B44-9F6D-5D18DDBE2036}.Debug|Any CPU.Build.0 = Debug|Any CPU
		{AD5E2809-9B10-4B44-9F6D-5D18DDBE2036}.Release|Any CPU.ActiveCfg = Release|Any CPU
		{AD5E2809-9B10-4B44-9F6D-5D18DDBE2036}.Release|Any CPU.Build.0 = Release|Any CPU
		{3A695853-0A24-4D54-A6F8-2D0F6642F69E}.Debug|Any CPU.ActiveCfg = Debug|Any CPU
		{3A695853-0A24-4D54-A6F8-2D0F6642F69E}.Debug|Any CPU.Build.0 = Debug|Any CPU
		{3A695853-0A24-4D54-A6F8-2D0F6642F69E}.Release|Any CPU.ActiveCfg = Release|Any CPU
		{3A695853-0A24-4D54-A6F8-2D0F6642F69E}.Release|Any CPU.Build.0 = Release|Any CPU
		{A57B8BDF-42AC-4433-8A2B-45799C69DBDC}.Debug|Any CPU.ActiveCfg = Debug|Any CPU
		{A57B8BDF-42AC-4433-8A2B-45799C69DBDC}.Debug|Any CPU.Build.0 = Debug|Any CPU
		{A57B8BDF-42AC-4433-8A2B-45799C69DBDC}.Release|Any CPU.ActiveCfg = Release|Any CPU
		{A57B8BDF-42AC-4433-8A2B-45799C69DBDC}.Release|Any CPU.Build.0 = Release|Any CPU
	EndGlobalSection
	GlobalSection(SolutionProperties) = preSolution
		HideSolutionNode = FALSE
	EndGlobalSection
	GlobalSection(ExtensibilityGlobals) = postSolution
		SolutionGuid = {91893547-5E66-4105-92F8-D3F43FD3F6D7}
	EndGlobalSection
EndGlobal
